// !$*UTF8*$!
{
	archiveVersion = 1;
	classes = {
	};
	objectVersion = 77;
	objects = {

/* Begin PBXBuildFile section */
		8B41F6832DEDD23B001A66F9 /* Project2026Feature in Frameworks */ = {isa = PBXBuildFile; productRef = 8B41F6822DEDD23B001A66F9 /* Project2026Feature */; };
		8B41F6852DEDD25C001A66F9 /* Project2026Feature in Frameworks */ = {isa = PBXBuildFile; productRef = 8B41F6842DEDD25C001A66F9 /* Project2026Feature */; };
		8B41F6902DEF0001001A66F9 /* Project2026MacApp.swift in Sources */ = {isa = PBXBuildFile; fileRef = 8B41F68F2DEF0001001A66F9 /* Project2026MacApp.swift */; };
		8B41F6912DEF0001001A66F9 /* MacContentView.swift in Sources */ = {isa = PBXBuildFile; fileRef = 8B41F68E2DEF0001001A66F9 /* MacContentView.swift */; };
		8B41F6922DEF0001001A66F9 /* MacMobilityRoutineView.swift in Sources */ = {isa = PBXBuildFile; fileRef = 8B41F68D2DEF0001001A66F9 /* MacMobilityRoutineView.swift */; };
		8B41F6932DEF0001001A66F9 /* MacServices.swift in Sources */ = {isa = PBXBuildFile; fileRef = 8B41F68C2DEF0001001A66F9 /* MacServices.swift */; };
		8B41F6A02DEF0002001A66F9 /* Project2026TVApp.swift in Sources */ = {isa = PBXBuildFile; fileRef = 8B41F69F2DEF0002001A66F9 /* Project2026TVApp.swift */; };
		8B41F6A12DEF0002001A66F9 /* TVContentView.swift in Sources */ = {isa = PBXBuildFile; fileRef = 8B41F69E2DEF0002001A66F9 /* TVContentView.swift */; };
		8B41F6A22DEF0002001A66F9 /* TVMobilityRoutineView.swift in Sources */ = {isa = PBXBuildFile; fileRef = 8B41F69D2DEF0002001A66F9 /* TVMobilityRoutineView.swift */; };
		8B41F6A32DEF0002001A66F9 /* TVServices.swift in Sources */ = {isa = PBXBuildFile; fileRef = 8B41F69C2DEF0002001A66F9 /* TVServices.swift */; };
		8B41F6C02DEF1001001A66F9 /* MacServicesTests.swift in Sources */ = {isa = PBXBuildFile; fileRef = 8B41F6BF2DEF1001001A66F9 /* MacServicesTests.swift */; };
		8B41F6D02DEF1002001A66F9 /* TVServicesTests.swift in Sources */ = {isa = PBXBuildFile; fileRef = 8B41F6CF2DEF1002001A66F9 /* TVServicesTests.swift */; };
/* End PBXBuildFile section */

/* Begin PBXContainerItemProxy section */
		8B41F65D2DEDD0D6001A66F9 /* PBXContainerItemProxy */ = {
			isa = PBXContainerItemProxy;
			containerPortal = 8B41F63D2DEDD0D5001A66F9 /* Project object */;
			proxyType = 1;
			remoteGlobalIDString = 8B41F6442DEDD0D5001A66F9;
			remoteInfo = Project2026;
		};
		8B41F6C12DEF1001001A66F9 /* PBXContainerItemProxy */ = {
			isa = PBXContainerItemProxy;
			containerPortal = 8B41F63D2DEDD0D5001A66F9 /* Project object */;
			proxyType = 1;
			remoteGlobalIDString = 8B41F6892DEF0001001A66F9;
			remoteInfo = Project2026Mac;
		};
		8B41F6D12DEF1002001A66F9 /* PBXContainerItemProxy */ = {
			isa = PBXContainerItemProxy;
			containerPortal = 8B41F63D2DEDD0D5001A66F9 /* Project object */;
			proxyType = 1;
			remoteGlobalIDString = 8B41F6992DEF0002001A66F9;
			remoteInfo = Project2026TV;
		};
/* End PBXContainerItemProxy section */

/* Begin PBXFileReference section */
		8B41F6452DEDD0D5001A66F9 /* Project2026.app */ = {isa = PBXFileReference; explicitFileType = wrapper.application; includeInIndex = 0; path = Project2026.app; sourceTree = BUILT_PRODUCTS_DIR; };
		8B41F65C2DEDD0D6001A66F9 /* Project2026.xctest */ = {isa = PBXFileReference; explicitFileType = wrapper.cfbundle; includeInIndex = 0; path = Project2026.xctest; sourceTree = BUILT_PRODUCTS_DIR; };
		8B41F6882DEF0001001A66F9 /* Project2026Mac.app */ = {isa = PBXFileReference; explicitFileType = wrapper.application; includeInIndex = 0; path = Project2026Mac.app; sourceTree = BUILT_PRODUCTS_DIR; };
		8B41F6982DEF0002001A66F9 /* Project2026TV.app */ = {isa = PBXFileReference; explicitFileType = wrapper.application; includeInIndex = 0; path = Project2026TV.app; sourceTree = BUILT_PRODUCTS_DIR; };
		8B41F68C2DEF0001001A66F9 /* MacServices.swift */ = {isa = PBXFileReference; lastKnownFileType = sourcecode.swift; path = MacServices.swift; sourceTree = "<group>"; };
		8B41F68D2DEF0001001A66F9 /* MacMobilityRoutineView.swift */ = {isa = PBXFileReference; lastKnownFileType = sourcecode.swift; path = MacMobilityRoutineView.swift; sourceTree = "<group>"; };
		8B41F68E2DEF0001001A66F9 /* MacContentView.swift */ = {isa = PBXFileReference; lastKnownFileType = sourcecode.swift; path = MacContentView.swift; sourceTree = "<group>"; };
		8B41F68F2DEF0001001A66F9 /* Project2026MacApp.swift */ = {isa = PBXFileReference; lastKnownFileType = sourcecode.swift; path = Project2026MacApp.swift; sourceTree = "<group>"; };
		8B41F69C2DEF0002001A66F9 /* TVServices.swift */ = {isa = PBXFileReference; lastKnownFileType = sourcecode.swift; path = TVServices.swift; sourceTree = "<group>"; };
		8B41F69D2DEF0002001A66F9 /* TVMobilityRoutineView.swift */ = {isa = PBXFileReference; lastKnownFileType = sourcecode.swift; path = TVMobilityRoutineView.swift; sourceTree = "<group>"; };
		8B41F69E2DEF0002001A66F9 /* TVContentView.swift */ = {isa = PBXFileReference; lastKnownFileType = sourcecode.swift; path = TVContentView.swift; sourceTree = "<group>"; };
		8B41F69F2DEF0002001A66F9 /* Project2026TVApp.swift */ = {isa = PBXFileReference; lastKnownFileType = sourcecode.swift; path = Project2026TVApp.swift; sourceTree = "<group>"; };
		8B41F6BC2DEF1001001A66F9 /* Project2026MacTests.xctest */ = {isa = PBXFileReference; explicitFileType = wrapper.cfbundle; includeInIndex = 0; path = Project2026MacTests.xctest; sourceTree = BUILT_PRODUCTS_DIR; };
		8B41F6BF2DEF1001001A66F9 /* MacServicesTests.swift */ = {isa = PBXFileReference; lastKnownFileType = sourcecode.swift; path = MacServicesTests.swift; sourceTree = "<group>"; };
		8B41F6CC2DEF1002001A66F9 /* Project2026TVTests.xctest */ = {isa = PBXFileReference; explicitFileType = wrapper.cfbundle; includeInIndex = 0; path = Project2026TVTests.xctest; sourceTree = BUILT_PRODUCTS_DIR; };
		8B41F6CF2DEF1002001A66F9 /* TVServicesTests.swift */ = {isa = PBXFileReference; lastKnownFileType = sourcecode.swift; path = TVServicesTests.swift; sourceTree = "<group>"; };
/* End PBXFileReference section */

/* Begin PBXFileSystemSynchronizedBuildFileExceptionSet section */
		8BD71C0A2DEE41E000CEDD92 /* Exceptions for "Config" folder in "Project2026" target */ = {
			isa = PBXFileSystemSynchronizedBuildFileExceptionSet;
			membershipExceptions = (
				Debug.xcconfig,
				Release.xcconfig,
				Shared.xcconfig,
				Tests.xcconfig,
			);
			target = 8B41F6442DEDD0D5001A66F9 /* Project2026 */;
		};
/* End PBXFileSystemSynchronizedBuildFileExceptionSet section */

/* Begin PBXFileSystemSynchronizedRootGroup section */
		8B41F6472DEDD0D5001A66F9 /* Project2026 */ = {
			isa = PBXFileSystemSynchronizedRootGroup;
			path = Project2026;
			sourceTree = "<group>";
		};
		8B41F65F2DEDD0D6001A66F9 /* Project2026UITests */ = {
			isa = PBXFileSystemSynchronizedRootGroup;
			path = Project2026UITests;
			sourceTree = "<group>";
		};
		8BD71C052DEE41D800CEDD92 /* Config */ = {
			isa = PBXFileSystemSynchronizedRootGroup;
			exceptions = (
				8BD71C0A2DEE41E000CEDD92 /* Exceptions for "Config" folder in "Project2026" target */,
			);
			path = Config;
			sourceTree = "<group>";
		};
/* End PBXFileSystemSynchronizedRootGroup section */

/* Begin PBXFrameworksBuildPhase section */
		8B41F6422DEDD0D5001A66F9 /* Frameworks */ = {
			isa = PBXFrameworksBuildPhase;
			buildActionMask = 2147483647;
			files = (
				8B41F6852DEDD25C001A66F9 /* Project2026Feature in Frameworks */,
			);
			runOnlyForDeploymentPostprocessing = 0;
		};
		8B41F6592DEDD0D6001A66F9 /* Frameworks */ = {
			isa = PBXFrameworksBuildPhase;
			buildActionMask = 2147483647;
			files = (
				8B41F6832DEDD23B001A66F9 /* Project2026Feature in Frameworks */,
			);
			runOnlyForDeploymentPostprocessing = 0;
		};
		8B41F6872DEF0001001A66F9 /* Frameworks */ = {
			isa = PBXFrameworksBuildPhase;
			buildActionMask = 2147483647;
			files = (
			);
			runOnlyForDeploymentPostprocessing = 0;
		};
		8B41F6972DEF0002001A66F9 /* Frameworks */ = {
			isa = PBXFrameworksBuildPhase;
			buildActionMask = 2147483647;
			files = (
			);
			runOnlyForDeploymentPostprocessing = 0;
		};
		8B41F6BA2DEF1001001A66F9 /* Frameworks */ = {
			isa = PBXFrameworksBuildPhase;
			buildActionMask = 2147483647;
			files = (
			);
			runOnlyForDeploymentPostprocessing = 0;
		};
		8B41F6CA2DEF1002001A66F9 /* Frameworks */ = {
			isa = PBXFrameworksBuildPhase;
			buildActionMask = 2147483647;
			files = (
			);
			runOnlyForDeploymentPostprocessing = 0;
		};
/* End PBXFrameworksBuildPhase section */

/* Begin PBXGroup section */
		8B41F63C2DEDD0D5001A66F9 = {
			isa = PBXGroup;
			children = (
				8BD71C052DEE41D800CEDD92 /* Config */,
				8B41F6472DEDD0D5001A66F9 /* Project2026 */,
				8B41F68A2DEF0001001A66F9 /* Project2026Mac */,
				8B41F6BD2DEF1001001A66F9 /* Project2026MacTests */,
				8B41F69A2DEF0002001A66F9 /* Project2026TV */,
				8B41F6CD2DEF1002001A66F9 /* Project2026TVTests */,
				8B41F65F2DEDD0D6001A66F9 /* Project2026UITests */,
				8B41F6812DEDD23B001A66F9 /* Frameworks */,
				8B41F6462DEDD0D5001A66F9 /* Products */,
			);
			sourceTree = "<group>";
		};
		8B41F6462DEDD0D5001A66F9 /* Products */ = {
			isa = PBXGroup;
			children = (
				8B41F6452DEDD0D5001A66F9 /* Project2026.app */,
				8B41F65C2DEDD0D6001A66F9 /* Project2026.xctest */,
				8B41F6882DEF0001001A66F9 /* Project2026Mac.app */,
				8B41F6BC2DEF1001001A66F9 /* Project2026MacTests.xctest */,
				8B41F6982DEF0002001A66F9 /* Project2026TV.app */,
				8B41F6CC2DEF1002001A66F9 /* Project2026TVTests.xctest */,
			);
			name = Products;
			sourceTree = "<group>";
		};
		8B41F6812DEDD23B001A66F9 /* Frameworks */ = {
			isa = PBXGroup;
			children = (
			);
			name = Frameworks;
			sourceTree = "<group>";
		};
		8B41F68A2DEF0001001A66F9 /* Project2026Mac */ = {
			isa = PBXGroup;
			children = (
				8B41F68F2DEF0001001A66F9 /* Project2026MacApp.swift */,
				8B41F68E2DEF0001001A66F9 /* MacContentView.swift */,
				8B41F68D2DEF0001001A66F9 /* MacMobilityRoutineView.swift */,
				8B41F68C2DEF0001001A66F9 /* MacServices.swift */,
				8B41F68B2DEF0001001A66F9 /* Assets.xcassets */,
			);
			path = Project2026Mac;
			sourceTree = "<group>";
		};
		8B41F68B2DEF0001001A66F9 /* Assets.xcassets */ = {
			isa = PBXGroup;
			children = (
			);
			path = Assets.xcassets;
			sourceTree = "<group>";
		};
		8B41F69A2DEF0002001A66F9 /* Project2026TV */ = {
			isa = PBXGroup;
			children = (
				8B41F69F2DEF0002001A66F9 /* Project2026TVApp.swift */,
				8B41F69E2DEF0002001A66F9 /* TVContentView.swift */,
				8B41F69D2DEF0002001A66F9 /* TVMobilityRoutineView.swift */,
				8B41F69C2DEF0002001A66F9 /* TVServices.swift */,
				8B41F69B2DEF0002001A66F9 /* Assets.xcassets */,
			);
			path = Project2026TV;
			sourceTree = "<group>";
		};
		8B41F69B2DEF0002001A66F9 /* Assets.xcassets */ = {
			isa = PBXGroup;
			children = (
			);
			path = Assets.xcassets;
			sourceTree = "<group>";
		};
		8B41F6BD2DEF1001001A66F9 /* Project2026MacTests */ = {
			isa = PBXGroup;
			children = (
				8B41F6BF2DEF1001001A66F9 /* MacServicesTests.swift */,
			);
			path = Project2026MacTests;
			sourceTree = "<group>";
		};
		8B41F6CD2DEF1002001A66F9 /* Project2026TVTests */ = {
			isa = PBXGroup;
			children = (
				8B41F6CF2DEF1002001A66F9 /* TVServicesTests.swift */,
			);
			path = Project2026TVTests;
			sourceTree = "<group>";
		};
/* End PBXGroup section */

/* Begin PBXNativeTarget section */
		8B41F6442DEDD0D5001A66F9 /* Project2026 */ = {
			isa = PBXNativeTarget;
			buildConfigurationList = 8B41F6662DEDD0D6001A66F9 /* Build configuration list for PBXNativeTarget "Project2026" */;
			buildPhases = (
				8B41F6412DEDD0D5001A66F9 /* Sources */,
				8B41F6422DEDD0D5001A66F9 /* Frameworks */,
				8B41F6432DEDD0D5001A66F9 /* Resources */,
			);
			buildRules = (
			);
			dependencies = (
			);
			fileSystemSynchronizedGroups = (
				8B41F6472DEDD0D5001A66F9 /* Project2026 */,
				8BD71C052DEE41D800CEDD92 /* Config */,
			);
			name = Project2026;
			packageProductDependencies = (
				8B41F6842DEDD25C001A66F9 /* Project2026Feature */,
			);
			productName = Project2026;
			productReference = 8B41F6452DEDD0D5001A66F9 /* Project2026.app */;
			productType = "com.apple.product-type.application";
		};
		8B41F65B2DEDD0D6001A66F9 /* Project2026UITests */ = {
			isa = PBXNativeTarget;
			buildConfigurationList = 8B41F66C2DEDD0D6001A66F9 /* Build configuration list for PBXNativeTarget "Project2026UITests" */;
			buildPhases = (
				8B41F6582DEDD0D6001A66F9 /* Sources */,
				8B41F6592DEDD0D6001A66F9 /* Frameworks */,
				8B41F65A2DEDD0D6001A66F9 /* Resources */,
			);
			buildRules = (
			);
			dependencies = (
				8B41F65E2DEDD0D6001A66F9 /* PBXTargetDependency */,
			);
			fileSystemSynchronizedGroups = (
				8B41F65F2DEDD0D6001A66F9 /* Project2026UITests */,
			);
			name = Project2026UITests;
			packageProductDependencies = (
				8B41F6822DEDD23B001A66F9 /* Project2026Feature */,
			);
			productName = Project2026UITests;
			productReference = 8B41F65C2DEDD0D6001A66F9 /* Project2026.xctest */;
			productType = "com.apple.product-type.bundle.ui-testing";
		};
		8B41F6892DEF0001001A66F9 /* Project2026Mac */ = {
			isa = PBXNativeTarget;
			buildConfigurationList = 8B41F6942DEF0001001A66F9 /* Build configuration list for PBXNativeTarget "Project2026Mac" */;
			buildPhases = (
				8B41F6862DEF0001001A66F9 /* Sources */,
				8B41F6872DEF0001001A66F9 /* Frameworks */,
				8B41F6952DEF0001001A66F9 /* Resources */,
			);
			buildRules = (
			);
			dependencies = (
			);
			name = Project2026Mac;
			productName = Project2026Mac;
			productReference = 8B41F6882DEF0001001A66F9 /* Project2026Mac.app */;
			productType = "com.apple.product-type.application";
		};
		8B41F6992DEF0002001A66F9 /* Project2026TV */ = {
			isa = PBXNativeTarget;
			buildConfigurationList = 8B41F6A42DEF0002001A66F9 /* Build configuration list for PBXNativeTarget "Project2026TV" */;
			buildPhases = (
				8B41F6962DEF0002001A66F9 /* Sources */,
				8B41F6972DEF0002001A66F9 /* Frameworks */,
				8B41F6A52DEF0002001A66F9 /* Resources */,
			);
			buildRules = (
			);
			dependencies = (
			);
			name = Project2026TV;
			productName = Project2026TV;
			productReference = 8B41F6982DEF0002001A66F9 /* Project2026TV.app */;
			productType = "com.apple.product-type.application";
		};
		8B41F6BB2DEF1001001A66F9 /* Project2026MacTests */ = {
			isa = PBXNativeTarget;
			buildConfigurationList = 8B41F6C42DEF1001001A66F9 /* Build configuration list for PBXNativeTarget "Project2026MacTests" */;
			buildPhases = (
				8B41F6B82DEF1001001A66F9 /* Sources */,
				8B41F6BA2DEF1001001A66F9 /* Frameworks */,
				8B41F6C52DEF1001001A66F9 /* Resources */,
			);
			buildRules = (
			);
			dependencies = (
				8B41F6C22DEF1001001A66F9 /* PBXTargetDependency */,
			);
			name = Project2026MacTests;
			productName = Project2026MacTests;
			productReference = 8B41F6BC2DEF1001001A66F9 /* Project2026MacTests.xctest */;
			productType = "com.apple.product-type.bundle.unit-test";
		};
		8B41F6CB2DEF1002001A66F9 /* Project2026TVTests */ = {
			isa = PBXNativeTarget;
			buildConfigurationList = 8B41F6D42DEF1002001A66F9 /* Build configuration list for PBXNativeTarget "Project2026TVTests" */;
			buildPhases = (
				8B41F6C82DEF1002001A66F9 /* Sources */,
				8B41F6CA2DEF1002001A66F9 /* Frameworks */,
				8B41F6D52DEF1002001A66F9 /* Resources */,
			);
			buildRules = (
			);
			dependencies = (
				8B41F6D22DEF1002001A66F9 /* PBXTargetDependency */,
			);
			name = Project2026TVTests;
			productName = Project2026TVTests;
			productReference = 8B41F6CC2DEF1002001A66F9 /* Project2026TVTests.xctest */;
			productType = "com.apple.product-type.bundle.unit-test";
		};
/* End PBXNativeTarget section */

/* Begin PBXProject section */
		8B41F63D2DEDD0D5001A66F9 /* Project object */ = {
			isa = PBXProject;
			attributes = {
				BuildIndependentTargetsInParallel = 1;
				LastSwiftUpdateCheck = 1630;
				LastUpgradeCheck = 1630;
				TargetAttributes = {
					8B41F6442DEDD0D5001A66F9 = {
						CreatedOnToolsVersion = 16.3;
					};
					8B41F65B2DEDD0D6001A66F9 = {
						CreatedOnToolsVersion = 16.3;
						TestTargetID = 8B41F6442DEDD0D5001A66F9;
					};
					8B41F6892DEF0001001A66F9 = {
						CreatedOnToolsVersion = 16.3;
					};
					8B41F6992DEF0002001A66F9 = {
						CreatedOnToolsVersion = 16.3;
					};
					8B41F6BB2DEF1001001A66F9 = {
						CreatedOnToolsVersion = 16.3;
						TestTargetID = 8B41F6892DEF0001001A66F9;
					};
					8B41F6CB2DEF1002001A66F9 = {
						CreatedOnToolsVersion = 16.3;
						TestTargetID = 8B41F6992DEF0002001A66F9;
					};
				};
			};
			buildConfigurationList = 8B41F6402DEDD0D5001A66F9 /* Build configuration list for PBXProject "Project2026" */;
			developmentRegion = en;
			hasScannedForEncodings = 0;
			knownRegions = (
				en,
				Base,
			);
			mainGroup = 8B41F63C2DEDD0D5001A66F9;
			minimizedProjectReferenceProxies = 1;
			preferredProjectObjectVersion = 77;
			productRefGroup = 8B41F6462DEDD0D5001A66F9 /* Products */;
			projectDirPath = "";
			projectRoot = "";
			targets = (
				8B41F6442DEDD0D5001A66F9 /* Project2026 */,
				8B41F65B2DEDD0D6001A66F9 /* Project2026UITests */,
				8B41F6892DEF0001001A66F9 /* Project2026Mac */,
				8B41F6BB2DEF1001001A66F9 /* Project2026MacTests */,
				8B41F6992DEF0002001A66F9 /* Project2026TV */,
				8B41F6CB2DEF1002001A66F9 /* Project2026TVTests */,
			);
		};
/* End PBXProject section */

/* Begin PBXResourcesBuildPhase section */
		8B41F6432DEDD0D5001A66F9 /* Resources */ = {
			isa = PBXResourcesBuildPhase;
			buildActionMask = 2147483647;
			files = (
			);
			runOnlyForDeploymentPostprocessing = 0;
		};
		8B41F65A2DEDD0D6001A66F9 /* Resources */ = {
			isa = PBXResourcesBuildPhase;
			buildActionMask = 2147483647;
			files = (
			);
			runOnlyForDeploymentPostprocessing = 0;
		};
		8B41F6952DEF0001001A66F9 /* Resources */ = {
			isa = PBXResourcesBuildPhase;
			buildActionMask = 2147483647;
			files = (
			);
			runOnlyForDeploymentPostprocessing = 0;
		};
		8B41F6A52DEF0002001A66F9 /* Resources */ = {
			isa = PBXResourcesBuildPhase;
			buildActionMask = 2147483647;
			files = (
			);
			runOnlyForDeploymentPostprocessing = 0;
		};
		8B41F6C52DEF1001001A66F9 /* Resources */ = {
			isa = PBXResourcesBuildPhase;
			buildActionMask = 2147483647;
			files = (
			);
			runOnlyForDeploymentPostprocessing = 0;
		};
		8B41F6D52DEF1002001A66F9 /* Resources */ = {
			isa = PBXResourcesBuildPhase;
			buildActionMask = 2147483647;
			files = (
			);
			runOnlyForDeploymentPostprocessing = 0;
		};
/* End PBXResourcesBuildPhase section */

/* Begin PBXSourcesBuildPhase section */
		8B41F6412DEDD0D5001A66F9 /* Sources */ = {
			isa = PBXSourcesBuildPhase;
			buildActionMask = 2147483647;
			files = (
			);
			runOnlyForDeploymentPostprocessing = 0;
		};
		8B41F6582DEDD0D6001A66F9 /* Sources */ = {
			isa = PBXSourcesBuildPhase;
			buildActionMask = 2147483647;
			files = (
			);
			runOnlyForDeploymentPostprocessing = 0;
		};
		8B41F6862DEF0001001A66F9 /* Sources */ = {
			isa = PBXSourcesBuildPhase;
			buildActionMask = 2147483647;
			files = (
				8B41F6902DEF0001001A66F9 /* Project2026MacApp.swift in Sources */,
				8B41F6912DEF0001001A66F9 /* MacContentView.swift in Sources */,
				8B41F6922DEF0001001A66F9 /* MacMobilityRoutineView.swift in Sources */,
				8B41F6932DEF0001001A66F9 /* MacServices.swift in Sources */,
			);
			runOnlyForDeploymentPostprocessing = 0;
		};
		8B41F6962DEF0002001A66F9 /* Sources */ = {
			isa = PBXSourcesBuildPhase;
			buildActionMask = 2147483647;
			files = (
				8B41F6A02DEF0002001A66F9 /* Project2026TVApp.swift in Sources */,
				8B41F6A12DEF0002001A66F9 /* TVContentView.swift in Sources */,
				8B41F6A22DEF0002001A66F9 /* TVMobilityRoutineView.swift in Sources */,
				8B41F6A32DEF0002001A66F9 /* TVServices.swift in Sources */,
			);
			runOnlyForDeploymentPostprocessing = 0;
		};
		8B41F6B82DEF1001001A66F9 /* Sources */ = {
			isa = PBXSourcesBuildPhase;
			buildActionMask = 2147483647;
			files = (
				8B41F6C02DEF1001001A66F9 /* MacServicesTests.swift in Sources */,
			);
			runOnlyForDeploymentPostprocessing = 0;
		};
		8B41F6C82DEF1002001A66F9 /* Sources */ = {
			isa = PBXSourcesBuildPhase;
			buildActionMask = 2147483647;
			files = (
				8B41F6D02DEF1002001A66F9 /* TVServicesTests.swift in Sources */,
			);
			runOnlyForDeploymentPostprocessing = 0;
		};
/* End PBXSourcesBuildPhase section */

/* Begin PBXTargetDependency section */
		8B41F65E2DEDD0D6001A66F9 /* PBXTargetDependency */ = {
			isa = PBXTargetDependency;
			target = 8B41F6442DEDD0D5001A66F9 /* Project2026 */;
			targetProxy = 8B41F65D2DEDD0D6001A66F9 /* PBXContainerItemProxy */;
		};
		8B41F6C22DEF1001001A66F9 /* PBXTargetDependency */ = {
			isa = PBXTargetDependency;
			target = 8B41F6892DEF0001001A66F9 /* Project2026Mac */;
			targetProxy = 8B41F6C12DEF1001001A66F9 /* PBXContainerItemProxy */;
		};
		8B41F6D22DEF1002001A66F9 /* PBXTargetDependency */ = {
			isa = PBXTargetDependency;
			target = 8B41F6992DEF0002001A66F9 /* Project2026TV */;
			targetProxy = 8B41F6D12DEF1002001A66F9 /* PBXContainerItemProxy */;
		};
/* End PBXTargetDependency section */

/* Begin XCBuildConfiguration section */
		8B41F6642DEDD0D6001A66F9 /* Debug */ = {
			isa = XCBuildConfiguration;
			buildSettings = {
				ALWAYS_SEARCH_USER_PATHS = NO;
				ASSETCATALOG_COMPILER_GENERATE_SWIFT_ASSET_SYMBOL_EXTENSIONS = YES;
				CLANG_ANALYZER_NONNULL = YES;
				CLANG_ANALYZER_NUMBER_OBJECT_CONVERSION = YES_AGGRESSIVE;
				CLANG_CXX_LANGUAGE_STANDARD = "gnu++20";
				CLANG_ENABLE_MODULES = YES;
				CLANG_ENABLE_OBJC_ARC = YES;
				CLANG_ENABLE_OBJC_WEAK = YES;
				CLANG_WARN_BLOCK_CAPTURE_AUTORELEASING = YES;
				CLANG_WARN_BOOL_CONVERSION = YES;
				CLANG_WARN_COMMA = YES;
				CLANG_WARN_CONSTANT_CONVERSION = YES;
				CLANG_WARN_DEPRECATED_OBJC_IMPLEMENTATIONS = YES;
				CLANG_WARN_DIRECT_OBJC_ISA_USAGE = YES_ERROR;
				CLANG_WARN_DOCUMENTATION_COMMENTS = YES;
				CLANG_WARN_EMPTY_BODY = YES;
				CLANG_WARN_ENUM_CONVERSION = YES;
				CLANG_WARN_INFINITE_RECURSION = YES;
				CLANG_WARN_INT_CONVERSION = YES;
				CLANG_WARN_NON_LITERAL_NULL_CONVERSION = YES;
				CLANG_WARN_OBJC_IMPLICIT_RETAIN_SELF = YES;
				CLANG_WARN_OBJC_LITERAL_CONVERSION = YES;
				CLANG_WARN_OBJC_ROOT_CLASS = YES_ERROR;
				CLANG_WARN_QUOTED_INCLUDE_IN_FRAMEWORK_HEADER = YES;
				CLANG_WARN_RANGE_LOOP_ANALYSIS = YES;
				CLANG_WARN_STRICT_PROTOTYPES = YES;
				CLANG_WARN_SUSPICIOUS_MOVE = YES;
				CLANG_WARN_UNGUARDED_AVAILABILITY = YES_AGGRESSIVE;
				CLANG_WARN_UNREACHABLE_CODE = YES;
				CLANG_WARN__DUPLICATE_METHOD_MATCH = YES;
				COPY_PHASE_STRIP = NO;
				DEBUG_INFORMATION_FORMAT = dwarf;
				ENABLE_STRICT_OBJC_MSGSEND = YES;
				ENABLE_TESTABILITY = YES;
				ENABLE_USER_SCRIPT_SANDBOXING = YES;
				GCC_C_LANGUAGE_STANDARD = gnu17;
				GCC_DYNAMIC_NO_PIC = NO;
				GCC_NO_COMMON_BLOCKS = YES;
				GCC_OPTIMIZATION_LEVEL = 0;
				GCC_PREPROCESSOR_DEFINITIONS = (
					"DEBUG=1",
					"$(inherited)",
				);
				GCC_WARN_64_TO_32_BIT_CONVERSION = YES;
				GCC_WARN_ABOUT_RETURN_TYPE = YES_ERROR;
				GCC_WARN_UNDECLARED_SELECTOR = YES;
				GCC_WARN_UNINITIALIZED_AUTOS = YES_AGGRESSIVE;
				GCC_WARN_UNUSED_FUNCTION = YES;
				GCC_WARN_UNUSED_VARIABLE = YES;
				IPHONEOS_DEPLOYMENT_TARGET = 18.4;
				LOCALIZATION_PREFERS_STRING_CATALOGS = YES;
				MTL_ENABLE_DEBUG_INFO = INCLUDE_SOURCE;
				MTL_FAST_MATH = YES;
				ONLY_ACTIVE_ARCH = YES;
				SDKROOT = iphoneos;
				SWIFT_ACTIVE_COMPILATION_CONDITIONS = "DEBUG $(inherited)";
				SWIFT_OPTIMIZATION_LEVEL = "-Onone";
				SWIFT_VERSION = 5.0;
			};
			name = Debug;
		};
		8B41F6652DEDD0D6001A66F9 /* Release */ = {
			isa = XCBuildConfiguration;
			buildSettings = {
				ALWAYS_SEARCH_USER_PATHS = NO;
				ASSETCATALOG_COMPILER_GENERATE_SWIFT_ASSET_SYMBOL_EXTENSIONS = YES;
				CLANG_ANALYZER_NONNULL = YES;
				CLANG_ANALYZER_NUMBER_OBJECT_CONVERSION = YES_AGGRESSIVE;
				CLANG_CXX_LANGUAGE_STANDARD = "gnu++20";
				CLANG_ENABLE_MODULES = YES;
				CLANG_ENABLE_OBJC_ARC = YES;
				CLANG_ENABLE_OBJC_WEAK = YES;
				CLANG_WARN_BLOCK_CAPTURE_AUTORELEASING = YES;
				CLANG_WARN_BOOL_CONVERSION = YES;
				CLANG_WARN_COMMA = YES;
				CLANG_WARN_CONSTANT_CONVERSION = YES;
				CLANG_WARN_DEPRECATED_OBJC_IMPLEMENTATIONS = YES;
				CLANG_WARN_DIRECT_OBJC_ISA_USAGE = YES_ERROR;
				CLANG_WARN_DOCUMENTATION_COMMENTS = YES;
				CLANG_WARN_EMPTY_BODY = YES;
				CLANG_WARN_ENUM_CONVERSION = YES;
				CLANG_WARN_INFINITE_RECURSION = YES;
				CLANG_WARN_INT_CONVERSION = YES;
				CLANG_WARN_NON_LITERAL_NULL_CONVERSION = YES;
				CLANG_WARN_OBJC_IMPLICIT_RETAIN_SELF = YES;
				CLANG_WARN_OBJC_LITERAL_CONVERSION = YES;
				CLANG_WARN_OBJC_ROOT_CLASS = YES_ERROR;
				CLANG_WARN_QUOTED_INCLUDE_IN_FRAMEWORK_HEADER = YES;
				CLANG_WARN_RANGE_LOOP_ANALYSIS = YES;
				CLANG_WARN_STRICT_PROTOTYPES = YES;
				CLANG_WARN_SUSPICIOUS_MOVE = YES;
				CLANG_WARN_UNGUARDED_AVAILABILITY = YES_AGGRESSIVE;
				CLANG_WARN_UNREACHABLE_CODE = YES;
				CLANG_WARN__DUPLICATE_METHOD_MATCH = YES;
				COPY_PHASE_STRIP = NO;
				DEBUG_INFORMATION_FORMAT = "dwarf-with-dsym";
				ENABLE_NS_ASSERTIONS = NO;
				ENABLE_STRICT_OBJC_MSGSEND = YES;
				ENABLE_USER_SCRIPT_SANDBOXING = YES;
				GCC_C_LANGUAGE_STANDARD = gnu17;
				GCC_NO_COMMON_BLOCKS = YES;
				GCC_WARN_64_TO_32_BIT_CONVERSION = YES;
				GCC_WARN_ABOUT_RETURN_TYPE = YES_ERROR;
				GCC_WARN_UNDECLARED_SELECTOR = YES;
				GCC_WARN_UNINITIALIZED_AUTOS = YES_AGGRESSIVE;
				GCC_WARN_UNUSED_FUNCTION = YES;
				GCC_WARN_UNUSED_VARIABLE = YES;
				IPHONEOS_DEPLOYMENT_TARGET = 18.4;
				LOCALIZATION_PREFERS_STRING_CATALOGS = YES;
				MTL_ENABLE_DEBUG_INFO = NO;
				MTL_FAST_MATH = YES;
				SDKROOT = iphoneos;
				SWIFT_COMPILATION_MODE = wholemodule;
				SWIFT_VERSION = 5.0;
				VALIDATE_PRODUCT = YES;
			};
			name = Release;
		};
		8B41F6672DEDD0D6001A66F9 /* Debug */ = {
			isa = XCBuildConfiguration;
			baseConfigurationReferenceAnchor = 8BD71C052DEE41D800CEDD92 /* Config */;
			baseConfigurationReferenceRelativePath = Debug.xcconfig;
			buildSettings = {
				ASSETCATALOG_COMPILER_APPICON_NAME = AppIcon;
				ASSETCATALOG_COMPILER_GLOBAL_ACCENT_COLOR_NAME = AccentColor;
				CODE_SIGN_STYLE = Automatic;
				ENABLE_PREVIEWS = YES;
				GENERATE_INFOPLIST_FILE = YES;
				INFOPLIST_KEY_CFBundleDisplayName = "$(PRODUCT_DISPLAY_NAME)";
				INFOPLIST_KEY_UIApplicationSceneManifest_Generation = YES;
				INFOPLIST_KEY_UIApplicationSupportsIndirectInputEvents = YES;
				INFOPLIST_KEY_UILaunchScreen_Generation = YES;
				LD_RUNPATH_SEARCH_PATHS = (
					"$(inherited)",
					"@executable_path/Frameworks",
				);
				SWIFT_EMIT_LOC_STRINGS = YES;
				SWIFT_VERSION = 5.0;
			};
			name = Debug;
		};
		8B41F6682DEDD0D6001A66F9 /* Release */ = {
			isa = XCBuildConfiguration;
			baseConfigurationReferenceAnchor = 8BD71C052DEE41D800CEDD92 /* Config */;
			baseConfigurationReferenceRelativePath = Release.xcconfig;
			buildSettings = {
				ASSETCATALOG_COMPILER_APPICON_NAME = AppIcon;
				ASSETCATALOG_COMPILER_GLOBAL_ACCENT_COLOR_NAME = AccentColor;
				CODE_SIGN_STYLE = Automatic;
				ENABLE_PREVIEWS = YES;
				GENERATE_INFOPLIST_FILE = YES;
				INFOPLIST_KEY_CFBundleDisplayName = "$(PRODUCT_DISPLAY_NAME)";
				INFOPLIST_KEY_UIApplicationSceneManifest_Generation = YES;
				INFOPLIST_KEY_UIApplicationSupportsIndirectInputEvents = YES;
				INFOPLIST_KEY_UILaunchScreen_Generation = YES;
				LD_RUNPATH_SEARCH_PATHS = (
					"$(inherited)",
					"@executable_path/Frameworks",
				);
				SWIFT_EMIT_LOC_STRINGS = YES;
				SWIFT_VERSION = 5.0;
			};
			name = Release;
		};
		8B41F66D2DEDD0D6001A66F9 /* Debug */ = {
			isa = XCBuildConfiguration;
			baseConfigurationReferenceAnchor = 8BD71C052DEE41D800CEDD92 /* Config */;
			baseConfigurationReferenceRelativePath = Tests.xcconfig;
			buildSettings = {
				CODE_SIGN_STYLE = Automatic;
				GENERATE_INFOPLIST_FILE = YES;
				SWIFT_EMIT_LOC_STRINGS = NO;
				SWIFT_VERSION = 5.0;
				TARGETED_DEVICE_FAMILY = "1,2";
				TEST_TARGET_NAME = Project2026;
			};
			name = Debug;
		};
		8B41F66E2DEDD0D6001A66F9 /* Release */ = {
			isa = XCBuildConfiguration;
			baseConfigurationReferenceAnchor = 8BD71C052DEE41D800CEDD92 /* Config */;
			baseConfigurationReferenceRelativePath = Tests.xcconfig;
			buildSettings = {
				CODE_SIGN_STYLE = Automatic;
				GENERATE_INFOPLIST_FILE = YES;
				SWIFT_EMIT_LOC_STRINGS = NO;
				SWIFT_VERSION = 5.0;
				TARGETED_DEVICE_FAMILY = "1,2";
				TEST_TARGET_NAME = Project2026;
			};
			name = Release;
		};
		8B41F6B02DEF0001001A66F9 /* Debug */ = {
			isa = XCBuildConfiguration;
			buildSettings = {
				ASSETCATALOG_COMPILER_APPICON_NAME = AppIcon;
				ASSETCATALOG_COMPILER_GLOBAL_ACCENT_COLOR_NAME = AccentColor;
				CODE_SIGN_ENTITLEMENTS = Config/Project2026Mac.entitlements;
				CODE_SIGN_STYLE = Automatic;
				COMBINE_HIDPI_IMAGES = YES;
				DEVELOPMENT_TEAM = "";
				ENABLE_HARDENED_RUNTIME = YES;
				ENABLE_PREVIEWS = YES;
				ENABLE_TESTABILITY = YES;
				GENERATE_INFOPLIST_FILE = YES;
				INFOPLIST_KEY_CFBundleDisplayName = "Project 2026";
				INFOPLIST_KEY_NSHumanReadableCopyright = "";
				INFOPLIST_KEY_NSMainStoryboardFile = "";
				INFOPLIST_KEY_NSPrincipalClass = NSApplication;
				LD_RUNPATH_SEARCH_PATHS = (
					"$(inherited)",
					"@executable_path/../Frameworks",
				);
				MACOSX_DEPLOYMENT_TARGET = 15.0;
				MARKETING_VERSION = 1.0;
				PRODUCT_BUNDLE_IDENTIFIER = com.pierceboggan.project2026.mac;
				PRODUCT_NAME = "$(TARGET_NAME)";
				SDKROOT = macosx;
				SWIFT_EMIT_LOC_STRINGS = YES;
				SWIFT_VERSION = 5.0;
			};
			name = Debug;
		};
		8B41F6B12DEF0001001A66F9 /* Release */ = {
			isa = XCBuildConfiguration;
			buildSettings = {
				ASSETCATALOG_COMPILER_APPICON_NAME = AppIcon;
				ASSETCATALOG_COMPILER_GLOBAL_ACCENT_COLOR_NAME = AccentColor;
				CODE_SIGN_ENTITLEMENTS = Config/Project2026Mac.entitlements;
				CODE_SIGN_STYLE = Automatic;
				COMBINE_HIDPI_IMAGES = YES;
				DEVELOPMENT_TEAM = "";
				ENABLE_HARDENED_RUNTIME = YES;
				ENABLE_PREVIEWS = YES;
				GENERATE_INFOPLIST_FILE = YES;
				INFOPLIST_KEY_CFBundleDisplayName = "Project 2026";
				INFOPLIST_KEY_NSHumanReadableCopyright = "";
				INFOPLIST_KEY_NSMainStoryboardFile = "";
				INFOPLIST_KEY_NSPrincipalClass = NSApplication;
				LD_RUNPATH_SEARCH_PATHS = (
					"$(inherited)",
					"@executable_path/../Frameworks",
				);
				MACOSX_DEPLOYMENT_TARGET = 15.0;
				MARKETING_VERSION = 1.0;
				PRODUCT_BUNDLE_IDENTIFIER = com.pierceboggan.project2026.mac;
				PRODUCT_NAME = "$(TARGET_NAME)";
				SDKROOT = macosx;
				SWIFT_EMIT_LOC_STRINGS = YES;
				SWIFT_VERSION = 5.0;
			};
			name = Release;
		};
		8B41F6B22DEF0002001A66F9 /* Debug */ = {
			isa = XCBuildConfiguration;
			buildSettings = {
				ASSETCATALOG_COMPILER_APPICON_NAME = "App Icon & Top Shelf Image";
				ASSETCATALOG_COMPILER_GLOBAL_ACCENT_COLOR_NAME = AccentColor;
				CODE_SIGN_STYLE = Automatic;
				DEVELOPMENT_TEAM = "";
				ENABLE_PREVIEWS = YES;
				ENABLE_TESTABILITY = YES;
				GENERATE_INFOPLIST_FILE = YES;
				INFOPLIST_KEY_CFBundleDisplayName = "Project 2026";
				INFOPLIST_KEY_UILaunchStoryboardName = LaunchScreen;
				INFOPLIST_KEY_UIMainStoryboardFile = "";
				INFOPLIST_KEY_UIUserInterfaceStyle = Automatic;
				LD_RUNPATH_SEARCH_PATHS = (
					"$(inherited)",
					"@executable_path/Frameworks",
				);
				MARKETING_VERSION = 1.0;
				PRODUCT_BUNDLE_IDENTIFIER = com.pierceboggan.project2026.tv;
				PRODUCT_NAME = "$(TARGET_NAME)";
				SDKROOT = appletvos;
				SWIFT_EMIT_LOC_STRINGS = YES;
				SWIFT_VERSION = 5.0;
				TARGETED_DEVICE_FAMILY = 3;
				TVOS_DEPLOYMENT_TARGET = 18.0;
			};
			name = Debug;
		};
		8B41F6B32DEF0002001A66F9 /* Release */ = {
			isa = XCBuildConfiguration;
			buildSettings = {
				ASSETCATALOG_COMPILER_APPICON_NAME = "App Icon & Top Shelf Image";
				ASSETCATALOG_COMPILER_GLOBAL_ACCENT_COLOR_NAME = AccentColor;
				CODE_SIGN_STYLE = Automatic;
				DEVELOPMENT_TEAM = "";
				ENABLE_PREVIEWS = YES;
				GENERATE_INFOPLIST_FILE = YES;
				INFOPLIST_KEY_CFBundleDisplayName = "Project 2026";
				INFOPLIST_KEY_UILaunchStoryboardName = LaunchScreen;
				INFOPLIST_KEY_UIMainStoryboardFile = "";
				INFOPLIST_KEY_UIUserInterfaceStyle = Automatic;
				LD_RUNPATH_SEARCH_PATHS = (
					"$(inherited)",
					"@executable_path/Frameworks",
				);
				MARKETING_VERSION = 1.0;
				PRODUCT_BUNDLE_IDENTIFIER = com.pierceboggan.project2026.tv;
				PRODUCT_NAME = "$(TARGET_NAME)";
				SDKROOT = appletvos;
				SWIFT_EMIT_LOC_STRINGS = YES;
				SWIFT_VERSION = 5.0;
				TARGETED_DEVICE_FAMILY = 3;
				TVOS_DEPLOYMENT_TARGET = 18.0;
			};
			name = Release;
		};
		8B41F6E02DEF1001001A66F9 /* Debug */ = {
			isa = XCBuildConfiguration;
			buildSettings = {
				BUNDLE_LOADER = "$(TEST_HOST)";
				CODE_SIGN_STYLE = Automatic;
				GENERATE_INFOPLIST_FILE = YES;
				MACOSX_DEPLOYMENT_TARGET = 15.0;
				PRODUCT_BUNDLE_IDENTIFIER = "com.pierceboggan.project2026.mac-tests";
				PRODUCT_NAME = "$(TARGET_NAME)";
				SDKROOT = macosx;
				SWIFT_EMIT_LOC_STRINGS = NO;
				SWIFT_VERSION = 5.0;
				TEST_HOST = "$(BUILT_PRODUCTS_DIR)/Project2026Mac.app/$(BUNDLE_EXECUTABLE_FOLDER_PATH)/Project2026Mac";
			};
			name = Debug;
		};
		8B41F6E12DEF1001001A66F9 /* Release */ = {
			isa = XCBuildConfiguration;
			buildSettings = {
				BUNDLE_LOADER = "$(TEST_HOST)";
				CODE_SIGN_STYLE = Automatic;
				GENERATE_INFOPLIST_FILE = YES;
				MACOSX_DEPLOYMENT_TARGET = 15.0;
				PRODUCT_BUNDLE_IDENTIFIER = "com.pierceboggan.project2026.mac-tests";
				PRODUCT_NAME = "$(TARGET_NAME)";
				SDKROOT = macosx;
				SWIFT_EMIT_LOC_STRINGS = NO;
				SWIFT_VERSION = 5.0;
				TEST_HOST = "$(BUILT_PRODUCTS_DIR)/Project2026Mac.app/$(BUNDLE_EXECUTABLE_FOLDER_PATH)/Project2026Mac";
			};
			name = Release;
		};
		8B41F6E22DEF1002001A66F9 /* Debug */ = {
			isa = XCBuildConfiguration;
			buildSettings = {
				BUNDLE_LOADER = "$(TEST_HOST)";
				CODE_SIGN_STYLE = Automatic;
				GENERATE_INFOPLIST_FILE = YES;
				PRODUCT_BUNDLE_IDENTIFIER = "com.pierceboggan.project2026.tv-tests";
				PRODUCT_NAME = "$(TARGET_NAME)";
				SDKROOT = appletvos;
				SWIFT_EMIT_LOC_STRINGS = NO;
				SWIFT_VERSION = 5.0;
				TARGETED_DEVICE_FAMILY = 3;
				TEST_HOST = "$(BUILT_PRODUCTS_DIR)/Project2026TV.app/$(BUNDLE_EXECUTABLE_FOLDER_PATH)/Project2026TV";
				TVOS_DEPLOYMENT_TARGET = 18.0;
			};
			name = Debug;
		};
		8B41F6E32DEF1002001A66F9 /* Release */ = {
			isa = XCBuildConfiguration;
			buildSettings = {
				BUNDLE_LOADER = "$(TEST_HOST)";
				CODE_SIGN_STYLE = Automatic;
				GENERATE_INFOPLIST_FILE = YES;
				PRODUCT_BUNDLE_IDENTIFIER = "com.pierceboggan.project2026.tv-tests";
				PRODUCT_NAME = "$(TARGET_NAME)";
				SDKROOT = appletvos;
				SWIFT_EMIT_LOC_STRINGS = NO;
				SWIFT_VERSION = 5.0;
				TARGETED_DEVICE_FAMILY = 3;
				TEST_HOST = "$(BUILT_PRODUCTS_DIR)/Project2026TV.app/$(BUNDLE_EXECUTABLE_FOLDER_PATH)/Project2026TV";
				TVOS_DEPLOYMENT_TARGET = 18.0;
			};
			name = Release;
		};
/* End XCBuildConfiguration section */

/* Begin XCConfigurationList section */
		8B41F6402DEDD0D5001A66F9 /* Build configuration list for PBXProject "Project2026" */ = {
			isa = XCConfigurationList;
			buildConfigurations = (
				8B41F6642DEDD0D6001A66F9 /* Debug */,
				8B41F6652DEDD0D6001A66F9 /* Release */,
			);
			defaultConfigurationIsVisible = 0;
			defaultConfigurationName = Release;
		};
		8B41F6662DEDD0D6001A66F9 /* Build configuration list for PBXNativeTarget "Project2026" */ = {
			isa = XCConfigurationList;
			buildConfigurations = (
				8B41F6672DEDD0D6001A66F9 /* Debug */,
				8B41F6682DEDD0D6001A66F9 /* Release */,
			);
			defaultConfigurationIsVisible = 0;
			defaultConfigurationName = Release;
		};
		8B41F66C2DEDD0D6001A66F9 /* Build configuration list for PBXNativeTarget "Project2026UITests" */ = {
			isa = XCConfigurationList;
			buildConfigurations = (
				8B41F66D2DEDD0D6001A66F9 /* Debug */,
				8B41F66E2DEDD0D6001A66F9 /* Release */,
			);
			defaultConfigurationIsVisible = 0;
			defaultConfigurationName = Release;
		};
		8B41F6942DEF0001001A66F9 /* Build configuration list for PBXNativeTarget "Project2026Mac" */ = {
			isa = XCConfigurationList;
			buildConfigurations = (
				8B41F6B02DEF0001001A66F9 /* Debug */,
				8B41F6B12DEF0001001A66F9 /* Release */,
			);
			defaultConfigurationIsVisible = 0;
			defaultConfigurationName = Release;
		};
		8B41F6A42DEF0002001A66F9 /* Build configuration list for PBXNativeTarget "Project2026TV" */ = {
			isa = XCConfigurationList;
			buildConfigurations = (
				8B41F6B22DEF0002001A66F9 /* Debug */,
				8B41F6B32DEF0002001A66F9 /* Release */,
			);
			defaultConfigurationIsVisible = 0;
			defaultConfigurationName = Release;
		};
		8B41F6C42DEF1001001A66F9 /* Build configuration list for PBXNativeTarget "Project2026MacTests" */ = {
			isa = XCConfigurationList;
			buildConfigurations = (
				8B41F6E02DEF1001001A66F9 /* Debug */,
				8B41F6E12DEF1001001A66F9 /* Release */,
			);
			defaultConfigurationIsVisible = 0;
			defaultConfigurationName = Release;
		};
		8B41F6D42DEF1002001A66F9 /* Build configuration list for PBXNativeTarget "Project2026TVTests" */ = {
			isa = XCConfigurationList;
			buildConfigurations = (
				8B41F6E22DEF1002001A66F9 /* Debug */,
				8B41F6E32DEF1002001A66F9 /* Release */,
			);
			defaultConfigurationIsVisible = 0;
			defaultConfigurationName = Release;
		};
/* End XCConfigurationList section */

/* Begin XCSwiftPackageProductDependency section */
		8B41F6822DEDD23B001A66F9 /* Project2026Feature */ = {
			isa = XCSwiftPackageProductDependency;
			productName = Project2026Feature;
		};
		8B41F6842DEDD25C001A66F9 /* Project2026Feature */ = {
			isa = XCSwiftPackageProductDependency;
			productName = Project2026Feature;
		};
/* End XCSwiftPackageProductDependency section */
	};
	rootObject = 8B41F63D2DEDD0D5001A66F9 /* Project object */;
}
